{
  "requires": true,
  "lockfileVersion": 1,
  "dependencies": {
    "cra-template-typescript": {
      "version": "1.1.1",
      "resolved": "https://registry.npmjs.org/cra-template-typescript/-/cra-template-typescript-1.1.1.tgz",
      "integrity": "sha512-SPW0q/Bv8MGq7CuMsjtay0Rex43QXmK69RmmyzT5UKhhSXuMuD8qAVhRHkHxCfTh98noU0kiNCknp5bTFEk/OQ=="
    }
  }
}
